// !$*UTF8*$!
{
	archiveVersion = 1;
	classes = {
	};
	objectVersion = 46;
	objects = {

/* Begin PBXBuildFile section */
		65597588CAA53A7697C19613 /* Pods_Simple_To_DoUITests.framework in Frameworks */ = {isa = PBXBuildFile; fileRef = 185EEBC07816A5D55D830486 /* Pods_Simple_To_DoUITests.framework */; };
		73B2BC45B62EFF90E0408EBE /* Pods_Simple_To_DoTests.framework in Frameworks */ = {isa = PBXBuildFile; fileRef = DE3DBB9B6C4C3EE691E2FB86 /* Pods_Simple_To_DoTests.framework */; };
		B484DD491D3A9B5100FE1844 /* AppDelegate.swift in Sources */ = {isa = PBXBuildFile; fileRef = B484DD481D3A9B5100FE1844 /* AppDelegate.swift */; };
		B484DD4B1D3A9B5100FE1844 /* ViewController.swift in Sources */ = {isa = PBXBuildFile; fileRef = B484DD4A1D3A9B5100FE1844 /* ViewController.swift */; };
		B484DD4E1D3A9B5100FE1844 /* Main.storyboard in Resources */ = {isa = PBXBuildFile; fileRef = B484DD4C1D3A9B5100FE1844 /* Main.storyboard */; };
		B484DD501D3A9B5100FE1844 /* Assets.xcassets in Resources */ = {isa = PBXBuildFile; fileRef = B484DD4F1D3A9B5100FE1844 /* Assets.xcassets */; };
		B484DD531D3A9B5100FE1844 /* LaunchScreen.storyboard in Resources */ = {isa = PBXBuildFile; fileRef = B484DD511D3A9B5100FE1844 /* LaunchScreen.storyboard */; };
		B484DD5E1D3A9B5100FE1844 /* Simple_To_DoTests.swift in Sources */ = {isa = PBXBuildFile; fileRef = B484DD5D1D3A9B5100FE1844 /* Simple_To_DoTests.swift */; };
		B484DD691D3A9B5100FE1844 /* Simple_To_DoUITests.swift in Sources */ = {isa = PBXBuildFile; fileRef = B484DD681D3A9B5100FE1844 /* Simple_To_DoUITests.swift */; };
		B484DD771D3AA9FA00FE1844 /* TaskCell.swift in Sources */ = {isa = PBXBuildFile; fileRef = B484DD761D3AA9FA00FE1844 /* TaskCell.swift */; };
		B484DD791D3AB40A00FE1844 /* Task.swift in Sources */ = {isa = PBXBuildFile; fileRef = B484DD781D3AB40A00FE1844 /* Task.swift */; };
		B484DD7B1D3AB4F000FE1844 /* DataSource.swift in Sources */ = {isa = PBXBuildFile; fileRef = B484DD7A1D3AB4F000FE1844 /* DataSource.swift */; };
		DF3382CF735C1EA92FEE68EC /* Pods_Simple_To_Do.framework in Frameworks */ = {isa = PBXBuildFile; fileRef = 3D9E8938AD3C0D52EBB15D88 /* Pods_Simple_To_Do.framework */; };
/* End PBXBuildFile section */

/* Begin PBXContainerItemProxy section */
		B484DD5A1D3A9B5100FE1844 /* PBXContainerItemProxy */ = {
			isa = PBXContainerItemProxy;
			containerPortal = B484DD3D1D3A9B5100FE1844 /* Project object */;
			proxyType = 1;
			remoteGlobalIDString = B484DD441D3A9B5100FE1844;
			remoteInfo = "Simple To Do";
		};
		B484DD651D3A9B5100FE1844 /* PBXContainerItemProxy */ = {
			isa = PBXContainerItemProxy;
			containerPortal = B484DD3D1D3A9B5100FE1844 /* Project object */;
			proxyType = 1;
			remoteGlobalIDString = B484DD441D3A9B5100FE1844;
			remoteInfo = "Simple To Do";
		};
/* End PBXContainerItemProxy section */

/* Begin PBXFileReference section */
		185EEBC07816A5D55D830486 /* Pods_Simple_To_DoUITests.framework */ = {isa = PBXFileReference; explicitFileType = wrapper.framework; includeInIndex = 0; path = Pods_Simple_To_DoUITests.framework; sourceTree = BUILT_PRODUCTS_DIR; };
		3D9E8938AD3C0D52EBB15D88 /* Pods_Simple_To_Do.framework */ = {isa = PBXFileReference; explicitFileType = wrapper.framework; includeInIndex = 0; path = Pods_Simple_To_Do.framework; sourceTree = BUILT_PRODUCTS_DIR; };
		4321AC9C8F80CF3963E9A3E9 /* Pods-Simple To Do.debug.xcconfig */ = {isa = PBXFileReference; includeInIndex = 1; lastKnownFileType = text.xcconfig; name = "Pods-Simple To Do.debug.xcconfig"; path = "Pods/Target Support Files/Pods-Simple To Do/Pods-Simple To Do.debug.xcconfig"; sourceTree = "<group>"; };
		977F93FB2DE1A527957F7094 /* Pods-Simple To DoTests.release.xcconfig */ = {isa = PBXFileReference; includeInIndex = 1; lastKnownFileType = text.xcconfig; name = "Pods-Simple To DoTests.release.xcconfig"; path = "Pods/Target Support Files/Pods-Simple To DoTests/Pods-Simple To DoTests.release.xcconfig"; sourceTree = "<group>"; };
		A6884A7438C601B066ACF2BF /* Pods-Simple To Do.release.xcconfig */ = {isa = PBXFileReference; includeInIndex = 1; lastKnownFileType = text.xcconfig; name = "Pods-Simple To Do.release.xcconfig"; path = "Pods/Target Support Files/Pods-Simple To Do/Pods-Simple To Do.release.xcconfig"; sourceTree = "<group>"; };
		AF2B0590734A6494501EE6C5 /* Pods-Simple To DoUITests.release.xcconfig */ = {isa = PBXFileReference; includeInIndex = 1; lastKnownFileType = text.xcconfig; name = "Pods-Simple To DoUITests.release.xcconfig"; path = "Pods/Target Support Files/Pods-Simple To DoUITests/Pods-Simple To DoUITests.release.xcconfig"; sourceTree = "<group>"; };
		B484DD451D3A9B5100FE1844 /* Simple To Do.app */ = {isa = PBXFileReference; explicitFileType = wrapper.application; includeInIndex = 0; path = "Simple To Do.app"; sourceTree = BUILT_PRODUCTS_DIR; };
		B484DD481D3A9B5100FE1844 /* AppDelegate.swift */ = {isa = PBXFileReference; lastKnownFileType = sourcecode.swift; path = AppDelegate.swift; sourceTree = "<group>"; };
		B484DD4A1D3A9B5100FE1844 /* ViewController.swift */ = {isa = PBXFileReference; lastKnownFileType = sourcecode.swift; path = ViewController.swift; sourceTree = "<group>"; };
		B484DD4D1D3A9B5100FE1844 /* Base */ = {isa = PBXFileReference; lastKnownFileType = file.storyboard; name = Base; path = Base.lproj/Main.storyboard; sourceTree = "<group>"; };
		B484DD4F1D3A9B5100FE1844 /* Assets.xcassets */ = {isa = PBXFileReference; lastKnownFileType = folder.assetcatalog; path = Assets.xcassets; sourceTree = "<group>"; };
		B484DD521D3A9B5100FE1844 /* Base */ = {isa = PBXFileReference; lastKnownFileType = file.storyboard; name = Base; path = Base.lproj/LaunchScreen.storyboard; sourceTree = "<group>"; };
		B484DD541D3A9B5100FE1844 /* Info.plist */ = {isa = PBXFileReference; lastKnownFileType = text.plist.xml; path = Info.plist; sourceTree = "<group>"; };
		B484DD591D3A9B5100FE1844 /* Simple To DoTests.xctest */ = {isa = PBXFileReference; explicitFileType = wrapper.cfbundle; includeInIndex = 0; path = "Simple To DoTests.xctest"; sourceTree = BUILT_PRODUCTS_DIR; };
		B484DD5D1D3A9B5100FE1844 /* Simple_To_DoTests.swift */ = {isa = PBXFileReference; lastKnownFileType = sourcecode.swift; path = Simple_To_DoTests.swift; sourceTree = "<group>"; };
		B484DD5F1D3A9B5100FE1844 /* Info.plist */ = {isa = PBXFileReference; lastKnownFileType = text.plist.xml; path = Info.plist; sourceTree = "<group>"; };
		B484DD641D3A9B5100FE1844 /* Simple To DoUITests.xctest */ = {isa = PBXFileReference; explicitFileType = wrapper.cfbundle; includeInIndex = 0; path = "Simple To DoUITests.xctest"; sourceTree = BUILT_PRODUCTS_DIR; };
		B484DD681D3A9B5100FE1844 /* Simple_To_DoUITests.swift */ = {isa = PBXFileReference; lastKnownFileType = sourcecode.swift; path = Simple_To_DoUITests.swift; sourceTree = "<group>"; };
		B484DD6A1D3A9B5100FE1844 /* Info.plist */ = {isa = PBXFileReference; lastKnownFileType = text.plist.xml; path = Info.plist; sourceTree = "<group>"; };
		B484DD761D3AA9FA00FE1844 /* TaskCell.swift */ = {isa = PBXFileReference; fileEncoding = 4; lastKnownFileType = sourcecode.swift; path = TaskCell.swift; sourceTree = "<group>"; };
		B484DD781D3AB40A00FE1844 /* Task.swift */ = {isa = PBXFileReference; fileEncoding = 4; lastKnownFileType = sourcecode.swift; path = Task.swift; sourceTree = "<group>"; };
		B484DD7A1D3AB4F000FE1844 /* DataSource.swift */ = {isa = PBXFileReference; fileEncoding = 4; lastKnownFileType = sourcecode.swift; path = DataSource.swift; sourceTree = "<group>"; };
		B93E3C5A19AF3D46579F7F15 /* Pods-Simple To DoTests.debug.xcconfig */ = {isa = PBXFileReference; includeInIndex = 1; lastKnownFileType = text.xcconfig; name = "Pods-Simple To DoTests.debug.xcconfig"; path = "Pods/Target Support Files/Pods-Simple To DoTests/Pods-Simple To DoTests.debug.xcconfig"; sourceTree = "<group>"; };
		DE3DBB9B6C4C3EE691E2FB86 /* Pods_Simple_To_DoTests.framework */ = {isa = PBXFileReference; explicitFileType = wrapper.framework; includeInIndex = 0; path = Pods_Simple_To_DoTests.framework; sourceTree = BUILT_PRODUCTS_DIR; };
		FB8A07DDB0C616BCD60BFFE6 /* Pods-Simple To DoUITests.debug.xcconfig */ = {isa = PBXFileReference; includeInIndex = 1; lastKnownFileType = text.xcconfig; name = "Pods-Simple To DoUITests.debug.xcconfig"; path = "Pods/Target Support Files/Pods-Simple To DoUITests/Pods-Simple To DoUITests.debug.xcconfig"; sourceTree = "<group>"; };
/* End PBXFileReference section */

/* Begin PBXFrameworksBuildPhase section */
		B484DD421D3A9B5100FE1844 /* Frameworks */ = {
			isa = PBXFrameworksBuildPhase;
			buildActionMask = 2147483647;
			files = (
				DF3382CF735C1EA92FEE68EC /* Pods_Simple_To_Do.framework in Frameworks */,
			);
			runOnlyForDeploymentPostprocessing = 0;
		};
		B484DD561D3A9B5100FE1844 /* Frameworks */ = {
			isa = PBXFrameworksBuildPhase;
			buildActionMask = 2147483647;
			files = (
				73B2BC45B62EFF90E0408EBE /* Pods_Simple_To_DoTests.framework in Frameworks */,
			);
			runOnlyForDeploymentPostprocessing = 0;
		};
		B484DD611D3A9B5100FE1844 /* Frameworks */ = {
			isa = PBXFrameworksBuildPhase;
			buildActionMask = 2147483647;
			files = (
				65597588CAA53A7697C19613 /* Pods_Simple_To_DoUITests.framework in Frameworks */,
			);
			runOnlyForDeploymentPostprocessing = 0;
		};
/* End PBXFrameworksBuildPhase section */

/* Begin PBXGroup section */
		2783264D32164B03C980DEB2 /* Frameworks */ = {
			isa = PBXGroup;
			children = (
				3D9E8938AD3C0D52EBB15D88 /* Pods_Simple_To_Do.framework */,
				DE3DBB9B6C4C3EE691E2FB86 /* Pods_Simple_To_DoTests.framework */,
				185EEBC07816A5D55D830486 /* Pods_Simple_To_DoUITests.framework */,
			);
			name = Frameworks;
			sourceTree = "<group>";
		};
		2C4679F59C9DFF18283C6F28 /* Pods */ = {
			isa = PBXGroup;
			children = (
				4321AC9C8F80CF3963E9A3E9 /* Pods-Simple To Do.debug.xcconfig */,
				A6884A7438C601B066ACF2BF /* Pods-Simple To Do.release.xcconfig */,
				B93E3C5A19AF3D46579F7F15 /* Pods-Simple To DoTests.debug.xcconfig */,
				977F93FB2DE1A527957F7094 /* Pods-Simple To DoTests.release.xcconfig */,
				FB8A07DDB0C616BCD60BFFE6 /* Pods-Simple To DoUITests.debug.xcconfig */,
				AF2B0590734A6494501EE6C5 /* Pods-Simple To DoUITests.release.xcconfig */,
			);
			name = Pods;
			sourceTree = "<group>";
		};
		B484DD3C1D3A9B5100FE1844 = {
			isa = PBXGroup;
			children = (
				B484DD471D3A9B5100FE1844 /* Simple To Do */,
				B484DD5C1D3A9B5100FE1844 /* Simple To DoTests */,
				B484DD671D3A9B5100FE1844 /* Simple To DoUITests */,
				B484DD461D3A9B5100FE1844 /* Products */,
				2C4679F59C9DFF18283C6F28 /* Pods */,
				2783264D32164B03C980DEB2 /* Frameworks */,
			);
			sourceTree = "<group>";
		};
		B484DD461D3A9B5100FE1844 /* Products */ = {
			isa = PBXGroup;
			children = (
				B484DD451D3A9B5100FE1844 /* Simple To Do.app */,
				B484DD591D3A9B5100FE1844 /* Simple To DoTests.xctest */,
				B484DD641D3A9B5100FE1844 /* Simple To DoUITests.xctest */,
			);
			name = Products;
			sourceTree = "<group>";
		};
		B484DD471D3A9B5100FE1844 /* Simple To Do */ = {
			isa = PBXGroup;
			children = (
				B484DD481D3A9B5100FE1844 /* AppDelegate.swift */,
				B484DD4A1D3A9B5100FE1844 /* ViewController.swift */,
				B484DD4C1D3A9B5100FE1844 /* Main.storyboard */,
				B484DD761D3AA9FA00FE1844 /* TaskCell.swift */,
				B484DD781D3AB40A00FE1844 /* Task.swift */,
				B484DD7A1D3AB4F000FE1844 /* DataSource.swift */,
				B484DD4F1D3A9B5100FE1844 /* Assets.xcassets */,
				B484DD511D3A9B5100FE1844 /* LaunchScreen.storyboard */,
				B484DD541D3A9B5100FE1844 /* Info.plist */,
			);
			path = "Simple To Do";
			sourceTree = "<group>";
		};
		B484DD5C1D3A9B5100FE1844 /* Simple To DoTests */ = {
			isa = PBXGroup;
			children = (
				B484DD5D1D3A9B5100FE1844 /* Simple_To_DoTests.swift */,
				B484DD5F1D3A9B5100FE1844 /* Info.plist */,
			);
			path = "Simple To DoTests";
			sourceTree = "<group>";
		};
		B484DD671D3A9B5100FE1844 /* Simple To DoUITests */ = {
			isa = PBXGroup;
			children = (
				B484DD681D3A9B5100FE1844 /* Simple_To_DoUITests.swift */,
				B484DD6A1D3A9B5100FE1844 /* Info.plist */,
			);
			path = "Simple To DoUITests";
			sourceTree = "<group>";
		};
/* End PBXGroup section */

/* Begin PBXNativeTarget section */
		B484DD441D3A9B5100FE1844 /* Simple To Do */ = {
			isa = PBXNativeTarget;
			buildConfigurationList = B484DD6D1D3A9B5100FE1844 /* Build configuration list for PBXNativeTarget "Simple To Do" */;
			buildPhases = (
				8385DF0574ED27553AF6F2D0 /* [CP] Check Pods Manifest.lock */,
				B484DD411D3A9B5100FE1844 /* Sources */,
				B484DD421D3A9B5100FE1844 /* Frameworks */,
				B484DD431D3A9B5100FE1844 /* Resources */,
				65840ACBAC0D14E4EE89619B /* [CP] Embed Pods Frameworks */,
				BC5BC2C4903F5CC7A3B3E8F6 /* [CP] Copy Pods Resources */,
			);
			buildRules = (
			);
			dependencies = (
			);
			name = "Simple To Do";
			productName = "Simple To Do";
			productReference = B484DD451D3A9B5100FE1844 /* Simple To Do.app */;
			productType = "com.apple.product-type.application";
		};
		B484DD581D3A9B5100FE1844 /* Simple To DoTests */ = {
			isa = PBXNativeTarget;
			buildConfigurationList = B484DD701D3A9B5100FE1844 /* Build configuration list for PBXNativeTarget "Simple To DoTests" */;
			buildPhases = (
				40D9EA7D30F6C6A22BC40887 /* [CP] Check Pods Manifest.lock */,
				B484DD551D3A9B5100FE1844 /* Sources */,
				B484DD561D3A9B5100FE1844 /* Frameworks */,
				B484DD571D3A9B5100FE1844 /* Resources */,
				15CEA63CF6FC4B72EB992551 /* [CP] Embed Pods Frameworks */,
				ABF6B1ADAF77970B34A2C841 /* [CP] Copy Pods Resources */,
			);
			buildRules = (
			);
			dependencies = (
				B484DD5B1D3A9B5100FE1844 /* PBXTargetDependency */,
			);
			name = "Simple To DoTests";
			productName = "Simple To DoTests";
			productReference = B484DD591D3A9B5100FE1844 /* Simple To DoTests.xctest */;
			productType = "com.apple.product-type.bundle.unit-test";
		};
		B484DD631D3A9B5100FE1844 /* Simple To DoUITests */ = {
			isa = PBXNativeTarget;
			buildConfigurationList = B484DD731D3A9B5100FE1844 /* Build configuration list for PBXNativeTarget "Simple To DoUITests" */;
			buildPhases = (
				A2BD7D4ABD687C199ED8663C /* [CP] Check Pods Manifest.lock */,
				B484DD601D3A9B5100FE1844 /* Sources */,
				B484DD611D3A9B5100FE1844 /* Frameworks */,
				B484DD621D3A9B5100FE1844 /* Resources */,
				1B1447BD263E5D7A95084A60 /* [CP] Embed Pods Frameworks */,
				8D8AD5BFFCB9525C5A42AF8D /* [CP] Copy Pods Resources */,
			);
			buildRules = (
			);
			dependencies = (
				B484DD661D3A9B5100FE1844 /* PBXTargetDependency */,
			);
			name = "Simple To DoUITests";
			productName = "Simple To DoUITests";
			productReference = B484DD641D3A9B5100FE1844 /* Simple To DoUITests.xctest */;
			productType = "com.apple.product-type.bundle.ui-testing";
		};
/* End PBXNativeTarget section */

/* Begin PBXProject section */
		B484DD3D1D3A9B5100FE1844 /* Project object */ = {
			isa = PBXProject;
			attributes = {
				LastSwiftUpdateCheck = 0800;
				LastUpgradeCheck = 0810;
				ORGANIZATIONNAME = "Illuminated Bits LLC";
				TargetAttributes = {
					B484DD441D3A9B5100FE1844 = {
						CreatedOnToolsVersion = 8.0;
						DevelopmentTeam = ATZFQJSAHX;
						DevelopmentTeamName = "Illuminated Bits LLC";
						ProvisioningStyle = Automatic;
					};
					B484DD581D3A9B5100FE1844 = {
						CreatedOnToolsVersion = 8.0;
						DevelopmentTeam = ATZFQJSAHX;
						DevelopmentTeamName = "Illuminated Bits LLC";
						ProvisioningStyle = Automatic;
						TestTargetID = B484DD441D3A9B5100FE1844;
					};
					B484DD631D3A9B5100FE1844 = {
						CreatedOnToolsVersion = 8.0;
						DevelopmentTeam = ATZFQJSAHX;
						DevelopmentTeamName = "Illuminated Bits LLC";
						ProvisioningStyle = Automatic;
						TestTargetID = B484DD441D3A9B5100FE1844;
					};
				};
			};
			buildConfigurationList = B484DD401D3A9B5100FE1844 /* Build configuration list for PBXProject "Simple To Do" */;
			compatibilityVersion = "Xcode 3.2";
			developmentRegion = English;
			hasScannedForEncodings = 0;
			knownRegions = (
				en,
				Base,
			);
			mainGroup = B484DD3C1D3A9B5100FE1844;
			productRefGroup = B484DD461D3A9B5100FE1844 /* Products */;
			projectDirPath = "";
			projectRoot = "";
			targets = (
				B484DD441D3A9B5100FE1844 /* Simple To Do */,
				B484DD581D3A9B5100FE1844 /* Simple To DoTests */,
				B484DD631D3A9B5100FE1844 /* Simple To DoUITests */,
			);
		};
/* End PBXProject section */

/* Begin PBXResourcesBuildPhase section */
		B484DD431D3A9B5100FE1844 /* Resources */ = {
			isa = PBXResourcesBuildPhase;
			buildActionMask = 2147483647;
			files = (
				B484DD531D3A9B5100FE1844 /* LaunchScreen.storyboard in Resources */,
				B484DD501D3A9B5100FE1844 /* Assets.xcassets in Resources */,
				B484DD4E1D3A9B5100FE1844 /* Main.storyboard in Resources */,
			);
			runOnlyForDeploymentPostprocessing = 0;
		};
		B484DD571D3A9B5100FE1844 /* Resources */ = {
			isa = PBXResourcesBuildPhase;
			buildActionMask = 2147483647;
			files = (
			);
			runOnlyForDeploymentPostprocessing = 0;
		};
		B484DD621D3A9B5100FE1844 /* Resources */ = {
			isa = PBXResourcesBuildPhase;
			buildActionMask = 2147483647;
			files = (
			);
			runOnlyForDeploymentPostprocessing = 0;
		};
/* End PBXResourcesBuildPhase section */

/* Begin PBXShellScriptBuildPhase section */
		15CEA63CF6FC4B72EB992551 /* [CP] Embed Pods Frameworks */ = {
			isa = PBXShellScriptBuildPhase;
			buildActionMask = 2147483647;
			files = (
			);
			inputPaths = (
			);
			name = "[CP] Embed Pods Frameworks";
			outputPaths = (
			);
			runOnlyForDeploymentPostprocessing = 0;
			shellPath = /bin/sh;
			shellScript = "\"${SRCROOT}/Pods/Target Support Files/Pods-Simple To DoTests/Pods-Simple To DoTests-frameworks.sh\"\n";
			showEnvVarsInLog = 0;
		};
		1B1447BD263E5D7A95084A60 /* [CP] Embed Pods Frameworks */ = {
			isa = PBXShellScriptBuildPhase;
			buildActionMask = 2147483647;
			files = (
			);
			inputPaths = (
			);
			name = "[CP] Embed Pods Frameworks";
			outputPaths = (
			);
			runOnlyForDeploymentPostprocessing = 0;
			shellPath = /bin/sh;
			shellScript = "\"${SRCROOT}/Pods/Target Support Files/Pods-Simple To DoUITests/Pods-Simple To DoUITests-frameworks.sh\"\n";
			showEnvVarsInLog = 0;
		};
		40D9EA7D30F6C6A22BC40887 /* [CP] Check Pods Manifest.lock */ = {
			isa = PBXShellScriptBuildPhase;
			buildActionMask = 2147483647;
			files = (
			);
			inputPaths = (
			);
			name = "[CP] Check Pods Manifest.lock";
			outputPaths = (
			);
			runOnlyForDeploymentPostprocessing = 0;
			shellPath = /bin/sh;
			shellScript = "diff \"${PODS_ROOT}/../Podfile.lock\" \"${PODS_ROOT}/Manifest.lock\" > /dev/null\nif [ $? != 0 ] ; then\n    # print error to STDERR\n    echo \"error: The sandbox is not in sync with the Podfile.lock. Run 'pod install' or update your CocoaPods installation.\" >&2\n    exit 1\nfi\n";
			showEnvVarsInLog = 0;
		};
		65840ACBAC0D14E4EE89619B /* [CP] Embed Pods Frameworks */ = {
			isa = PBXShellScriptBuildPhase;
			buildActionMask = 2147483647;
			files = (
			);
			inputPaths = (
			);
			name = "[CP] Embed Pods Frameworks";
			outputPaths = (
			);
			runOnlyForDeploymentPostprocessing = 0;
			shellPath = /bin/sh;
			shellScript = "\"${SRCROOT}/Pods/Target Support Files/Pods-Simple To Do/Pods-Simple To Do-frameworks.sh\"\n";
			showEnvVarsInLog = 0;
		};
		8385DF0574ED27553AF6F2D0 /* [CP] Check Pods Manifest.lock */ = {
			isa = PBXShellScriptBuildPhase;
			buildActionMask = 2147483647;
			files = (
			);
			inputPaths = (
			);
			name = "[CP] Check Pods Manifest.lock";
			outputPaths = (
			);
			runOnlyForDeploymentPostprocessing = 0;
			shellPath = /bin/sh;
			shellScript = "diff \"${PODS_ROOT}/../Podfile.lock\" \"${PODS_ROOT}/Manifest.lock\" > /dev/null\nif [ $? != 0 ] ; then\n    # print error to STDERR\n    echo \"error: The sandbox is not in sync with the Podfile.lock. Run 'pod install' or update your CocoaPods installation.\" >&2\n    exit 1\nfi\n";
			showEnvVarsInLog = 0;
		};
		8D8AD5BFFCB9525C5A42AF8D /* [CP] Copy Pods Resources */ = {
			isa = PBXShellScriptBuildPhase;
			buildActionMask = 2147483647;
			files = (
			);
			inputPaths = (
			);
			name = "[CP] Copy Pods Resources";
			outputPaths = (
			);
			runOnlyForDeploymentPostprocessing = 0;
			shellPath = /bin/sh;
			shellScript = "\"${SRCROOT}/Pods/Target Support Files/Pods-Simple To DoUITests/Pods-Simple To DoUITests-resources.sh\"\n";
			showEnvVarsInLog = 0;
		};
		A2BD7D4ABD687C199ED8663C /* [CP] Check Pods Manifest.lock */ = {
			isa = PBXShellScriptBuildPhase;
			buildActionMask = 2147483647;
			files = (
			);
			inputPaths = (
			);
			name = "[CP] Check Pods Manifest.lock";
			outputPaths = (
			);
			runOnlyForDeploymentPostprocessing = 0;
			shellPath = /bin/sh;
			shellScript = "diff \"${PODS_ROOT}/../Podfile.lock\" \"${PODS_ROOT}/Manifest.lock\" > /dev/null\nif [ $? != 0 ] ; then\n    # print error to STDERR\n    echo \"error: The sandbox is not in sync with the Podfile.lock. Run 'pod install' or update your CocoaPods installation.\" >&2\n    exit 1\nfi\n";
			showEnvVarsInLog = 0;
		};
		ABF6B1ADAF77970B34A2C841 /* [CP] Copy Pods Resources */ = {
			isa = PBXShellScriptBuildPhase;
			buildActionMask = 2147483647;
			files = (
			);
			inputPaths = (
			);
			name = "[CP] Copy Pods Resources";
			outputPaths = (
			);
			runOnlyForDeploymentPostprocessing = 0;
			shellPath = /bin/sh;
			shellScript = "\"${SRCROOT}/Pods/Target Support Files/Pods-Simple To DoTests/Pods-Simple To DoTests-resources.sh\"\n";
			showEnvVarsInLog = 0;
		};
		BC5BC2C4903F5CC7A3B3E8F6 /* [CP] Copy Pods Resources */ = {
			isa = PBXShellScriptBuildPhase;
			buildActionMask = 2147483647;
			files = (
			);
			inputPaths = (
			);
			name = "[CP] Copy Pods Resources";
			outputPaths = (
			);
			runOnlyForDeploymentPostprocessing = 0;
			shellPath = /bin/sh;
			shellScript = "\"${SRCROOT}/Pods/Target Support Files/Pods-Simple To Do/Pods-Simple To Do-resources.sh\"\n";
			showEnvVarsInLog = 0;
		};
/* End PBXShellScriptBuildPhase section */

/* Begin PBXSourcesBuildPhase section */
		B484DD411D3A9B5100FE1844 /* Sources */ = {
			isa = PBXSourcesBuildPhase;
			buildActionMask = 2147483647;
			files = (
				B484DD791D3AB40A00FE1844 /* Task.swift in Sources */,
				B484DD4B1D3A9B5100FE1844 /* ViewController.swift in Sources */,
				B484DD771D3AA9FA00FE1844 /* TaskCell.swift in Sources */,
				B484DD7B1D3AB4F000FE1844 /* DataSource.swift in Sources */,
				B484DD491D3A9B5100FE1844 /* AppDelegate.swift in Sources */,
			);
			runOnlyForDeploymentPostprocessing = 0;
		};
		B484DD551D3A9B5100FE1844 /* Sources */ = {
			isa = PBXSourcesBuildPhase;
			buildActionMask = 2147483647;
			files = (
				B484DD5E1D3A9B5100FE1844 /* Simple_To_DoTests.swift in Sources */,
			);
			runOnlyForDeploymentPostprocessing = 0;
		};
		B484DD601D3A9B5100FE1844 /* Sources */ = {
			isa = PBXSourcesBuildPhase;
			buildActionMask = 2147483647;
			files = (
				B484DD691D3A9B5100FE1844 /* Simple_To_DoUITests.swift in Sources */,
			);
			runOnlyForDeploymentPostprocessing = 0;
		};
/* End PBXSourcesBuildPhase section */

/* Begin PBXTargetDependency section */
		B484DD5B1D3A9B5100FE1844 /* PBXTargetDependency */ = {
			isa = PBXTargetDependency;
			target = B484DD441D3A9B5100FE1844 /* Simple To Do */;
			targetProxy = B484DD5A1D3A9B5100FE1844 /* PBXContainerItemProxy */;
		};
		B484DD661D3A9B5100FE1844 /* PBXTargetDependency */ = {
			isa = PBXTargetDependency;
			target = B484DD441D3A9B5100FE1844 /* Simple To Do */;
			targetProxy = B484DD651D3A9B5100FE1844 /* PBXContainerItemProxy */;
		};
/* End PBXTargetDependency section */

/* Begin PBXVariantGroup section */
		B484DD4C1D3A9B5100FE1844 /* Main.storyboard */ = {
			isa = PBXVariantGroup;
			children = (
				B484DD4D1D3A9B5100FE1844 /* Base */,
			);
			name = Main.storyboard;
			sourceTree = "<group>";
		};
		B484DD511D3A9B5100FE1844 /* LaunchScreen.storyboard */ = {
			isa = PBXVariantGroup;
			children = (
				B484DD521D3A9B5100FE1844 /* Base */,
			);
			name = LaunchScreen.storyboard;
			sourceTree = "<group>";
		};
/* End PBXVariantGroup section */

/* Begin XCBuildConfiguration section */
		B484DD6B1D3A9B5100FE1844 /* Debug */ = {
			isa = XCBuildConfiguration;
			buildSettings = {
				ALWAYS_SEARCH_USER_PATHS = NO;
				CLANG_ANALYZER_NONNULL = YES;
				CLANG_CXX_LANGUAGE_STANDARD = "gnu++0x";
				CLANG_CXX_LIBRARY = "libc++";
				CLANG_ENABLE_MODULES = YES;
				CLANG_ENABLE_OBJC_ARC = YES;
				CLANG_WARN_BOOL_CONVERSION = YES;
				CLANG_WARN_CONSTANT_CONVERSION = YES;
				CLANG_WARN_DIRECT_OBJC_ISA_USAGE = YES_ERROR;
				CLANG_WARN_DOCUMENTATION_COMMENTS = YES;
				CLANG_WARN_EMPTY_BODY = YES;
				CLANG_WARN_ENUM_CONVERSION = YES;
				CLANG_WARN_INFINITE_RECURSION = YES;
				CLANG_WARN_INT_CONVERSION = YES;
				CLANG_WARN_OBJC_ROOT_CLASS = YES_ERROR;
				CLANG_WARN_SUSPICIOUS_MOVE = YES;
				CLANG_WARN_UNREACHABLE_CODE = YES;
				CLANG_WARN__DUPLICATE_METHOD_MATCH = YES;
				"CODE_SIGN_IDENTITY[sdk=iphoneos*]" = "iPhone Developer";
				COPY_PHASE_STRIP = NO;
				DEBUG_INFORMATION_FORMAT = dwarf;
				ENABLE_STRICT_OBJC_MSGSEND = YES;
				ENABLE_TESTABILITY = YES;
				GCC_C_LANGUAGE_STANDARD = gnu99;
				GCC_DYNAMIC_NO_PIC = NO;
				GCC_NO_COMMON_BLOCKS = YES;
				GCC_OPTIMIZATION_LEVEL = 0;
				GCC_PREPROCESSOR_DEFINITIONS = (
					"DEBUG=1",
					"$(inherited)",
				);
				GCC_WARN_64_TO_32_BIT_CONVERSION = YES;
				GCC_WARN_ABOUT_RETURN_TYPE = YES_ERROR;
				GCC_WARN_UNDECLARED_SELECTOR = YES;
				GCC_WARN_UNINITIALIZED_AUTOS = YES_AGGRESSIVE;
				GCC_WARN_UNUSED_FUNCTION = YES;
				GCC_WARN_UNUSED_VARIABLE = YES;
				IPHONEOS_DEPLOYMENT_TARGET = 10.0;
				MTL_ENABLE_DEBUG_INFO = YES;
				ONLY_ACTIVE_ARCH = YES;
				SDKROOT = iphoneos;
				SWIFT_ACTIVE_COMPILATION_CONDITIONS = DEBUG;
				SWIFT_OPTIMIZATION_LEVEL = "-Onone";
				TARGETED_DEVICE_FAMILY = "1,2";
			};
			name = Debug;
		};
		B484DD6C1D3A9B5100FE1844 /* Release */ = {
			isa = XCBuildConfiguration;
			buildSettings = {
				ALWAYS_SEARCH_USER_PATHS = NO;
				CLANG_ANALYZER_NONNULL = YES;
				CLANG_CXX_LANGUAGE_STANDARD = "gnu++0x";
				CLANG_CXX_LIBRARY = "libc++";
				CLANG_ENABLE_MODULES = YES;
				CLANG_ENABLE_OBJC_ARC = YES;
				CLANG_WARN_BOOL_CONVERSION = YES;
				CLANG_WARN_CONSTANT_CONVERSION = YES;
				CLANG_WARN_DIRECT_OBJC_ISA_USAGE = YES_ERROR;
				CLANG_WARN_DOCUMENTATION_COMMENTS = YES;
				CLANG_WARN_EMPTY_BODY = YES;
				CLANG_WARN_ENUM_CONVERSION = YES;
				CLANG_WARN_INFINITE_RECURSION = YES;
				CLANG_WARN_INT_CONVERSION = YES;
				CLANG_WARN_OBJC_ROOT_CLASS = YES_ERROR;
				CLANG_WARN_SUSPICIOUS_MOVE = YES;
				CLANG_WARN_UNREACHABLE_CODE = YES;
				CLANG_WARN__DUPLICATE_METHOD_MATCH = YES;
				"CODE_SIGN_IDENTITY[sdk=iphoneos*]" = "iPhone Developer";
				COPY_PHASE_STRIP = NO;
				DEBUG_INFORMATION_FORMAT = "dwarf-with-dsym";
				ENABLE_NS_ASSERTIONS = NO;
				ENABLE_STRICT_OBJC_MSGSEND = YES;
				GCC_C_LANGUAGE_STANDARD = gnu99;
				GCC_NO_COMMON_BLOCKS = YES;
				GCC_WARN_64_TO_32_BIT_CONVERSION = YES;
				GCC_WARN_ABOUT_RETURN_TYPE = YES_ERROR;
				GCC_WARN_UNDECLARED_SELECTOR = YES;
				GCC_WARN_UNINITIALIZED_AUTOS = YES_AGGRESSIVE;
				GCC_WARN_UNUSED_FUNCTION = YES;
				GCC_WARN_UNUSED_VARIABLE = YES;
				IPHONEOS_DEPLOYMENT_TARGET = 10.0;
				MTL_ENABLE_DEBUG_INFO = NO;
				SDKROOT = iphoneos;
				SWIFT_OPTIMIZATION_LEVEL = "-Owholemodule";
				TARGETED_DEVICE_FAMILY = "1,2";
				VALIDATE_PRODUCT = YES;
			};
			name = Release;
		};
		B484DD6E1D3A9B5100FE1844 /* Debug */ = {
			isa = XCBuildConfiguration;
			baseConfigurationReference = 4321AC9C8F80CF3963E9A3E9 /* Pods-Simple To Do.debug.xcconfig */;
			buildSettings = {
				ASSETCATALOG_COMPILER_APPICON_NAME = AppIcon;
				INFOPLIST_FILE = "Simple To Do/Info.plist";
				LD_RUNPATH_SEARCH_PATHS = "$(inherited) @executable_path/Frameworks";
				PRODUCT_BUNDLE_IDENTIFIER = "com.illuminatedbits.Simple-To-Do";
				PRODUCT_NAME = "$(TARGET_NAME)";
				SWIFT_VERSION = 3.0;
			};
			name = Debug;
		};
		B484DD6F1D3A9B5100FE1844 /* Release */ = {
			isa = XCBuildConfiguration;
			baseConfigurationReference = A6884A7438C601B066ACF2BF /* Pods-Simple To Do.release.xcconfig */;
			buildSettings = {
				ASSETCATALOG_COMPILER_APPICON_NAME = AppIcon;
				INFOPLIST_FILE = "Simple To Do/Info.plist";
				LD_RUNPATH_SEARCH_PATHS = "$(inherited) @executable_path/Frameworks";
				PRODUCT_BUNDLE_IDENTIFIER = "com.illuminatedbits.Simple-To-Do";
				PRODUCT_NAME = "$(TARGET_NAME)";
				SWIFT_VERSION = 3.0;
			};
			name = Release;
		};
		B484DD711D3A9B5100FE1844 /* Debug */ = {
			isa = XCBuildConfiguration;
			baseConfigurationReference = B93E3C5A19AF3D46579F7F15 /* Pods-Simple To DoTests.debug.xcconfig */;
			buildSettings = {
				BUNDLE_LOADER = "$(TEST_HOST)";
				INFOPLIST_FILE = "Simple To DoTests/Info.plist";
				LD_RUNPATH_SEARCH_PATHS = "$(inherited) @executable_path/Frameworks @loader_path/Frameworks";
				PRODUCT_BUNDLE_IDENTIFIER = "com.illuminatedbits.Simple-To-DoTests";
				PRODUCT_NAME = "$(TARGET_NAME)";
				SWIFT_VERSION = 3.0;
				TEST_HOST = "$(BUILT_PRODUCTS_DIR)/Simple To Do.app/Simple To Do";
			};
			name = Debug;
		};
		B484DD721D3A9B5100FE1844 /* Release */ = {
			isa = XCBuildConfiguration;
			baseConfigurationReference = 977F93FB2DE1A527957F7094 /* Pods-Simple To DoTests.release.xcconfig */;
			buildSettings = {
				BUNDLE_LOADER = "$(TEST_HOST)";
				INFOPLIST_FILE = "Simple To DoTests/Info.plist";
				LD_RUNPATH_SEARCH_PATHS = "$(inherited) @executable_path/Frameworks @loader_path/Frameworks";
				PRODUCT_BUNDLE_IDENTIFIER = "com.illuminatedbits.Simple-To-DoTests";
				PRODUCT_NAME = "$(TARGET_NAME)";
				SWIFT_VERSION = 3.0;
				TEST_HOST = "$(BUILT_PRODUCTS_DIR)/Simple To Do.app/Simple To Do";
			};
			name = Release;
		};
		B484DD741D3A9B5100FE1844 /* Debug */ = {
			isa = XCBuildConfiguration;
			baseConfigurationReference = FB8A07DDB0C616BCD60BFFE6 /* Pods-Simple To DoUITests.debug.xcconfig */;
			buildSettings = {
				INFOPLIST_FILE = "Simple To DoUITests/Info.plist";
				LD_RUNPATH_SEARCH_PATHS = "$(inherited) @executable_path/Frameworks @loader_path/Frameworks";
				PRODUCT_BUNDLE_IDENTIFIER = "com.illuminatedbits.Simple-To-DoUITests";
				PRODUCT_NAME = "$(TARGET_NAME)";
				SWIFT_VERSION = 3.0;
				TEST_TARGET_NAME = "Simple To Do";
			};
			name = Debug;
		};
		B484DD751D3A9B5100FE1844 /* Release */ = {
			isa = XCBuildConfiguration;
			baseConfigurationReference = AF2B0590734A6494501EE6C5 /* Pods-Simple To DoUITests.release.xcconfig */;
			buildSettings = {
				INFOPLIST_FILE = "Simple To DoUITests/Info.plist";
				LD_RUNPATH_SEARCH_PATHS = "$(inherited) @executable_path/Frameworks @loader_path/Frameworks";
				PRODUCT_BUNDLE_IDENTIFIER = "com.illuminatedbits.Simple-To-DoUITests";
				PRODUCT_NAME = "$(TARGET_NAME)";
				SWIFT_VERSION = 3.0;
				TEST_TARGET_NAME = "Simple To Do";
			};
			name = Release;
		};
/* End XCBuildConfiguration section */

/* Begin XCConfigurationList section */
		B484DD401D3A9B5100FE1844 /* Build configuration list for PBXProject "Simple To Do" */ = {
			isa = XCConfigurationList;
			buildConfigurations = (
				B484DD6B1D3A9B5100FE1844 /* Debug */,
				B484DD6C1D3A9B5100FE1844 /* Release */,
			);
			defaultConfigurationIsVisible = 0;
			defaultConfigurationName = Release;
		};
		B484DD6D1D3A9B5100FE1844 /* Build configuration list for PBXNativeTarget "Simple To Do" */ = {
			isa = XCConfigurationList;
			buildConfigurations = (
				B484DD6E1D3A9B5100FE1844 /* Debug */,
				B484DD6F1D3A9B5100FE1844 /* Release */,
			);
			defaultConfigurationIsVisible = 0;
			defaultConfigurationName = Release;
		};
		B484DD701D3A9B5100FE1844 /* Build configuration list for PBXNativeTarget "Simple To DoTests" */ = {
			isa = XCConfigurationList;
			buildConfigurations = (
				B484DD711D3A9B5100FE1844 /* Debug */,
				B484DD721D3A9B5100FE1844 /* Release */,
			);
			defaultConfigurationIsVisible = 0;
			defaultConfigurationName = Release;
		};
		B484DD731D3A9B5100FE1844 /* Build configuration list for PBXNativeTarget "Simple To DoUITests" */ = {
			isa = XCConfigurationList;
			buildConfigurations = (
				B484DD741D3A9B5100FE1844 /* Debug */,
				B484DD751D3A9B5100FE1844 /* Release */,
			);
			defaultConfigurationIsVisible = 0;
			defaultConfigurationName = Release;
		};
/* End XCConfigurationList section */
	};
	rootObject = B484DD3D1D3A9B5100FE1844 /* Project object */;
}
